# THIS IS AN AUTOGENERATED FILE. DO NOT EDIT THIS FILE DIRECTLY.
# yarn lockfile v1


"@artdeco/clean-stack@^1.1.1":
  version "1.1.1"
  resolved "https://registry.yarnpkg.com/@artdeco/clean-stack/-/clean-stack-1.1.1.tgz#0a68b9a061b5076ebaf948c150ea26d09c1e753f"
  integrity sha512-q5lO3vGUo0WgkSqzgzjL0HQdA9t2HzQqZISuVuQWMh9xqLuiLFP/ZTsxFc8vpMl7mNpGk7Mm0OeyFQ+Evrp0Cw==

"@goa/busboy@^1.1.1":
  version "1.1.1"
  resolved "https://registry.yarnpkg.com/@goa/busboy/-/busboy-1.1.1.tgz#b51fdf295544ac3f4dc59178633036fed7f19d90"
  integrity sha512-5xVzyQWAIZ9yLXEIds94rtTAkyoCo8vzy0rMto2lYijeR8mc84UKIzE9VseaUVAn0YXlJlDGMDNWiLTS/dQS7A==
  dependencies:
    text-decoding "^1.0.0"

"@multipart/form@^1.1.0":
  version "1.1.0"
  resolved "https://registry.yarnpkg.com/@multipart/form/-/form-1.1.0.tgz#15d16e113565f9c157a636e0bf439dbae6b34a46"
  integrity sha512-CiymdHyaOFbEBsB0+dNXK9vJxWuBXV6X9mXeAhtfjREDE8R3v/VwpdtTawWf9Vev6HCdKz1xDyw0gC7d9CAZlQ==

"@rqt/aqt@^1.3.0":
  version "1.3.0"
  resolved "https://registry.yarnpkg.com/@rqt/aqt/-/aqt-1.3.0.tgz#06472f50f85ab8e2a391db5b92c43ee726a8a844"
  integrity sha512-Ux0ygtQqaJE2bLuxw4J/mJpPyJGtLs1AdEdi/5FUG59CHwHiDWEsrldF4kxsJNFyWkWYT6Fe/zNTKnzv6KFREQ==

"@zoroaster/assert@^1.0.2":
  version "1.0.2"
  resolved "https://registry.yarnpkg.com/@zoroaster/assert/-/assert-1.0.2.tgz#8ffe2ebb10c81d570d4965080f942af688321a1f"
  integrity sha512-5C0LDzW8DkiSSCLyYO9ux3R5ru65yEn/GtxH1wh7ukRhLAZ/Svx4+A81YvciXcn35B2VmvCqyiTrhNdxdgusSw==

"@zoroaster/deep-equal@^1.0.1":
  version "1.0.1"
  resolved "https://registry.yarnpkg.com/@zoroaster/deep-equal/-/deep-equal-1.0.1.tgz#7f7b72f59e54807ee23ea88e60f99165f10ca876"
  integrity sha512-Nc8v2oW+Xtw/49SbgloPkln1v/H7D4fr7HGdgKr4rpdggk8pZRF2vNLaugm6OhiKhb0OuO/gHuk8o5qjH+strA==
  dependencies:
    differently "^1.0.0"

"@zoroaster/mask@^2.2.0":
  version "2.3.0"
  resolved "https://registry.yarnpkg.com/@zoroaster/mask/-/mask-2.3.0.tgz#57d169417e09e481efafccbffdd93cef919ec5e6"
  integrity sha512-fufal06pS/SYhOKHCmoFQ+PjhQwsCwMr2h0D2xeiVaXstaWHJVEiLg4+BU/KCmOOzLXLKikf81ca4zFXip7ScQ==

alamode@^3.0.0, alamode@^3.3.0:
  version "3.3.0"
  resolved "https://registry.yarnpkg.com/alamode/-/alamode-3.3.0.tgz#5a73ebb8eae847934f747d67c2680698061b7bbe"
  integrity sha512-/Xi0rZ0HAyobAIi8DJQMeFF3kRrr15PGuYRwvxmQaOqSO3WJgXOsmhL6sZQuvD/okZztzujMxMA+21WOD2rYyQ==

aty@^1.1.2:
  version "1.1.2"
  resolved "https://registry.yarnpkg.com/aty/-/aty-1.1.2.tgz#adbd52986f2fb55e9e6f26db7977dd50c8c89ffe"
  integrity sha1-rb1SmG8vtV6ebybbeXfdUMjIn/4=
  dependencies:
    reloquent "1.0.6"
    spawncommand "2.0.1"
    usually "1.0.0"

catchment@2.0.1:
  version "2.0.1"
  resolved "https://registry.yarnpkg.com/catchment/-/catchment-2.0.1.tgz#df0a05ac2e1194cf280c2444d5bb564a9cc8f488"
  integrity sha512-aNvgHj+gmfld9rzUwxJJN6aT5MLBT0/R2LtqO8Xtjy/iq6PCAVLyFzYXZAs5Ew6FzwXAW5xV5XLGD5oACPtJdg==

connect@^3.7.0:
  version "3.7.0"
  resolved "https://registry.yarnpkg.com/connect/-/connect-3.7.0.tgz#5d49348910caa5e07a01800b030d0c35f20484f8"
  integrity sha512-ZqRXc+tZukToSNmh5C2iWMSoV3X1YUcPbqEM4DkEG5tNQXrQUZCNVGGv3IuicnkMtPfGf3Xtp8WCXs295iQ1pQ==
  dependencies:
    debug "2.6.9"
    finalhandler "1.1.2"
    parseurl "~1.3.3"
    utils-merge "1.0.1"

debug@2.6.9:
  version "2.6.9"
  resolved "https://registry.yarnpkg.com/debug/-/debug-2.6.9.tgz#5d128515df134ff327e90a4c93f4e077a536341f"
  integrity sha512-bC7ElrdJaJnPbAP+1EotYvqZsb3ecl5wi6Bfi6BJTUcNowp6cvspg0jXznRTKDjm/E7AdgFBVeAPVMNcKGsHMA==
  dependencies:
    ms "2.0.0"

differently@^1.0.0:
  version "1.0.1"
  resolved "https://registry.yarnpkg.com/differently/-/differently-1.0.1.tgz#1a5c158fd98c686f9310a05899a59ac1a4bd6d08"
  integrity sha512-J19iW+g47ww6ReGwZrthgeHQlKLN02zHAXPwG21BHCi8G03qv1G9YGrqYDmwws9uvtKRBY9b91DhJ4VbfWFNQQ==
  dependencies:
    erte "^1.2.0"

documentary@^1.34.4:
  version "1.34.4"
  resolved "https://registry.yarnpkg.com/documentary/-/documentary-1.34.4.tgz#8ab6a598cf8f1e0586830a696e870d5cbbdc3abd"
  integrity sha512-jaEtPHHURcBhmAyV0Wy78UPNRKRebsum1Zisetac61Bd2jD+b+4AXCe7lkdvMxrSTTvbd2yx8jYTAX4PVBfn1A==
  dependencies:
    alamode "^3.3.0"
    preact "8.5.3"
    typal "^1.24.1"

ee-first@1.1.1:
  version "1.1.1"
  resolved "https://registry.yarnpkg.com/ee-first/-/ee-first-1.1.1.tgz#590c61156b0ae2f4f0255732a158b266bc56b21d"
  integrity sha1-WQxhFWsK4vTwJVcyoViyZrxWsh0=

encodeurl@~1.0.2:
  version "1.0.2"
  resolved "https://registry.yarnpkg.com/encodeurl/-/encodeurl-1.0.2.tgz#ad3ff4c86ec2d029322f5a02c3a9a606c95b3f59"
  integrity sha1-rT/0yG7C0CkyL1oCw6mmBslbP1k=

erotic@^2.1.1:
  version "2.1.1"
  resolved "https://registry.yarnpkg.com/erotic/-/erotic-2.1.1.tgz#97f20c2d6e7fd2ec6f7996823009d3ac8ae7157f"
  integrity sha512-S1ns+uibigdXxxzqiO5VNZw3d0YNrVb4jZ7OUAklO4722/ytp+nta6txsUhYmnIEI0TF7jjXNjGvcmw0I/Rs7A==
  dependencies:
    "@artdeco/clean-stack" "^1.1.1"

erte@^1.2.0:
  version "1.2.0"
  resolved "https://registry.yarnpkg.com/erte/-/erte-1.2.0.tgz#8b7dbf6ad822d96f071947d20d5f440623f10769"
  integrity sha512-saxyNviRCvFENCyZ66O58cY8icaraVeQOgGks6ujsBeS7zf3yyjXrhyfMpERZo7SJH1KKdXcSQqgemxW6eIpjA==

escape-html@~1.0.3:
  version "1.0.3"
  resolved "https://registry.yarnpkg.com/escape-html/-/escape-html-1.0.3.tgz#0258eae4d3d0c0974de1c169188ef0051d1d1988"
  integrity sha1-Aljq5NPQwJdN4cFpGI7wBR0dGYg=

eslint-config-artdeco@1.0.1:
  version "1.0.1"
  resolved "https://registry.yarnpkg.com/eslint-config-artdeco/-/eslint-config-artdeco-1.0.1.tgz#4451c9d0ed1ce4d33dfd43a6315f12c8bfb04274"
  integrity sha1-RFHJ0O0c5NM9/UOmMV8SyL+wQnQ=

finalhandler@1.1.2:
  version "1.1.2"
  resolved "https://registry.yarnpkg.com/finalhandler/-/finalhandler-1.1.2.tgz#b7e7d000ffd11938d0fdb053506f6ebabe9f587d"
  integrity sha512-aAWcW57uxVNrQZqFXjITpW3sIUQmHGG3qSb9mUah9MgMC4NeWhNOlNjXEYq3HjRAvL6arUviZGGJsBg6z0zsWA==
  dependencies:
    debug "2.6.9"
    encodeurl "~1.0.2"
    escape-html "~1.0.3"
    on-finished "~2.3.0"
    parseurl "~1.3.3"
    statuses "~1.5.0"
    unpipe "~1.0.0"

mismatch@^1.2.0:
  version "1.2.0"
  resolved "https://registry.yarnpkg.com/mismatch/-/mismatch-1.2.0.tgz#3f5021861e8084e36a14c2c1f9489941cd18f790"
  integrity sha512-kuw1k8ZHS+12fBVAVOBXMBJBXcNGnByFTJIDzH4W4v84OocejZ/qzxmT4ll9CLX5OD23NXr+NvrQDus0BsQ8xw==

ms@2.0.0:
  version "2.0.0"
  resolved "https://registry.yarnpkg.com/ms/-/ms-2.0.0.tgz#5608aeadfc00be6c2901df5f9861788de0d597c8"
  integrity sha1-VgiurfwAvmwpAd9fmGF4jeDVl8g=

on-finished@~2.3.0:
  version "2.3.0"
  resolved "https://registry.yarnpkg.com/on-finished/-/on-finished-2.3.0.tgz#20f1336481b083cd75337992a16971aa2d906947"
  integrity sha1-IPEzZIGwg811M3mSoWlxqi2QaUc=
  dependencies:
    ee-first "1.1.1"

parseurl@~1.3.3:
  version "1.3.3"
  resolved "https://registry.yarnpkg.com/parseurl/-/parseurl-1.3.3.tgz#9da19e7bee8d12dff0513ed5b76957793bc2e8d4"
  integrity sha512-CiyeOxFT/JZyN5m0z9PfXw4SCBJ6Sygz1Dpl0wqjlhDEGGBP1GnsUVEL0p63hoG1fcj3fHynXi9NYO4nWOL+qQ==

preact@8.5.3:
  version "8.5.3"
  resolved "https://registry.yarnpkg.com/preact/-/preact-8.5.3.tgz#78c2a5562fcecb1fed1d0055fa4ac1e27bde17c1"
  integrity sha512-O3kKP+1YdgqHOFsZF2a9JVdtqD+RPzCQc3rP+Ualf7V6rmRDchZ9MJbiGTT7LuyqFKZqlHSOyO/oMFmI2lVTsw==

promto@1.0.1:
  version "1.0.1"
  resolved "https://registry.yarnpkg.com/promto/-/promto-1.0.1.tgz#0a169fc7bd8f48cef1ee9faeace61a100305a536"
  integrity sha1-Chafx72PSM7x7p+urOYaEAMFpTY=

reloquent@1.0.6:
  version "1.0.6"
  resolved "https://registry.yarnpkg.com/reloquent/-/reloquent-1.0.6.tgz#56cb87f43209e421a129df48ba621a658c08b1d4"
  integrity sha1-VsuH9DIJ5CGhKd9IumIaZYwIsdQ=
  dependencies:
    promto "1.0.1"

spawncommand@2.0.1:
  version "2.0.1"
  resolved "https://registry.yarnpkg.com/spawncommand/-/spawncommand-2.0.1.tgz#088476fd8aa3c63932309ce0e76a8924d51a34ab"
  integrity sha1-CIR2/YqjxjkyMJzg52qJJNUaNKs=
  dependencies:
    catchment "2.0.1"

statuses@~1.5.0:
  version "1.5.0"
  resolved "https://registry.yarnpkg.com/statuses/-/statuses-1.5.0.tgz#161c7dac177659fd9811f43771fa99381478628c"
  integrity sha1-Fhx9rBd2Wf2YEfQ3cfqZOBR4Yow=

text-decoding@^1.0.0:
  version "1.0.0"
  resolved "https://registry.yarnpkg.com/text-decoding/-/text-decoding-1.0.0.tgz#38a5692d23b5c2b12942d6e245599cb58b1bc52f"
  integrity sha512-/0TJD42KDnVwKmDK6jj3xP7E2MG7SHAOG4tyTgyUCRPdHwvkquYNLEQltmdMa3owq3TkddCVcTsoctJI8VQNKA==

typal@^1.24.1:
  version "1.24.1"
  resolved "https://registry.yarnpkg.com/typal/-/typal-1.24.1.tgz#f4b53f6054f2aa57e130a32e0dcb3e41e00075ac"
  integrity sha512-NwQmMwrr88NXJEBSxoDD3rZI0Zbgke653Tt48Zh4Zd4OQcYpt+bBiSG/oM6saXM/DCXJfgY/JPsSW0cD2CW3YQ==

unpipe@~1.0.0:
  version "1.0.0"
  resolved "https://registry.yarnpkg.com/unpipe/-/unpipe-1.0.0.tgz#b2bf4ee8514aae6165b4817829d21b2ef49904ec"
  integrity sha1-sr9O6FFKrmFltIF4KdIbLvSZBOw=

usually@1.0.0:
  version "1.0.0"
  resolved "https://registry.yarnpkg.com/usually/-/usually-1.0.0.tgz#3ace5b09471ddf35cccca85971ca178b5255d4b0"
  integrity sha1-Os5bCUcd3zXMzKhZccoXi1JV1LA=

utils-merge@1.0.1:
  version "1.0.1"
  resolved "https://registry.yarnpkg.com/utils-merge/-/utils-merge-1.0.1.tgz#9f95710f50a267947b2ccc124741c1028427e713"
  integrity sha1-n5VxD1CiZ5R7LMwSR0HBAoQn5xM=

yarn-s@1.2.1:
  version "1.2.1"
  resolved "https://registry.yarnpkg.com/yarn-s/-/yarn-s-1.2.1.tgz#3749ffbbb1ba1b0d40db07d81d4bb536cc635c3f"
  integrity sha512-9qnU+hBV/mDJHB//1psEH786C1LEdr8AdXhMMiSh26io0GW0tHy4DEhstgaWlR8gzKF8FMgpoYsDtQdtSAY+8Q==

zoroaster@^4.1.2:
  version "4.1.2"
  resolved "https://registry.yarnpkg.com/zoroaster/-/zoroaster-4.1.2.tgz#89e033cdeebf75564713436bd7e72af926e800fb"
  integrity sha512-mE5RlV12h5bEZ4LBX0NsR5NEwNicLR6kdwXMijWD8vH+8JmbtXuC664ndzsw46lnhmn2VWlafyBi5k/MMCmftA==
  dependencies:
    "@zoroaster/assert" "^1.0.2"
    "@zoroaster/mask" "^2.2.0"
    alamode "^3.0.0"
